// !$*UTF8*$!
{
	archiveVersion = 1;
	classes = {
	};
	objectVersion = 46;
	objects = {

/* Begin PBXBuildFile section */
		0229E97D1D9C3F8900D64FF2 /* World.cpp in Sources */ = {isa = PBXBuildFile; fileRef = 0229E97B1D9C3F8900D64FF2 /* World.cpp */; };
		0229E9801D9CE95100D64FF2 /* WorldElement.cpp in Sources */ = {isa = PBXBuildFile; fileRef = 0229E97E1D9CE95100D64FF2 /* WorldElement.cpp */; };
		02D62F681D9C3D73001CDABC /* main.cpp in Sources */ = {isa = PBXBuildFile; fileRef = 02D62F671D9C3D73001CDABC /* main.cpp */; };
/* End PBXBuildFile section */

/* Begin PBXCopyFilesBuildPhase section */
		02D62F621D9C3D72001CDABC /* CopyFiles */ = {
			isa = PBXCopyFilesBuildPhase;
			buildActionMask = 2147483647;
			dstPath = /usr/share/man/man1/;
			dstSubfolderSpec = 0;
			files = (
			);
			runOnlyForDeploymentPostprocessing = 1;
		};
/* End PBXCopyFilesBuildPhase section */

/* Begin PBXFileReference section */
		0229E97B1D9C3F8900D64FF2 /* World.cpp */ = {isa = PBXFileReference; fileEncoding = 4; lastKnownFileType = sourcecode.cpp.cpp; path = World.cpp; sourceTree = "<group>"; };
		0229E97C1D9C3F8900D64FF2 /* World.h */ = {isa = PBXFileReference; fileEncoding = 4; lastKnownFileType = sourcecode.c.h; path = World.h; sourceTree = "<group>"; };
		0229E97E1D9CE95100D64FF2 /* WorldElement.cpp */ = {isa = PBXFileReference; fileEncoding = 4; lastKnownFileType = sourcecode.cpp.cpp; path = WorldElement.cpp; sourceTree = "<group>"; };
		0229E97F1D9CE95100D64FF2 /* WorldElement.h */ = {isa = PBXFileReference; fileEncoding = 4; lastKnownFileType = sourcecode.c.h; path = WorldElement.h; sourceTree = "<group>"; };
		02D62F641D9C3D73001CDABC /* KaboomBoy */ = {isa = PBXFileReference; explicitFileType = "compiled.mach-o.executable"; includeInIndex = 0; path = KaboomBoy; sourceTree = BUILT_PRODUCTS_DIR; };
		02D62F671D9C3D73001CDABC /* main.cpp */ = {isa = PBXFileReference; lastKnownFileType = sourcecode.cpp.cpp; path = main.cpp; sourceTree = "<group>"; };
/* End PBXFileReference section */

/* Begin PBXFrameworksBuildPhase section */
		02D62F611D9C3D72001CDABC /* Frameworks */ = {
			isa = PBXFrameworksBuildPhase;
			buildActionMask = 2147483647;
			files = (
			);
			runOnlyForDeploymentPostprocessing = 0;
		};
/* End PBXFrameworksBuildPhase section */

/* Begin PBXGroup section */
		02D62F5B1D9C3D72001CDABC = {
			isa = PBXGroup;
			children = (
				02D62F661D9C3D73001CDABC /* KaboomBoy */,
				02D62F651D9C3D73001CDABC /* Products */,
			);
			sourceTree = "<group>";
		};
		02D62F651D9C3D73001CDABC /* Products */ = {
			isa = PBXGroup;
			children = (
				02D62F641D9C3D73001CDABC /* KaboomBoy */,
			);
			name = Products;
			sourceTree = "<group>";
		};
		02D62F661D9C3D73001CDABC /* KaboomBoy */ = {
			isa = PBXGroup;
			children = (
				02D62F671D9C3D73001CDABC /* main.cpp */,
				0229E97B1D9C3F8900D64FF2 /* World.cpp */,
				0229E97C1D9C3F8900D64FF2 /* World.h */,
				0229E97E1D9CE95100D64FF2 /* WorldElement.cpp */,
				0229E97F1D9CE95100D64FF2 /* WorldElement.h */,
			);
			path = KaboomBoy;
			sourceTree = "<group>";
		};
/* End PBXGroup section */

/* Begin PBXNativeTarget section */
		02D62F631D9C3D72001CDABC /* KaboomBoy */ = {
			isa = PBXNativeTarget;
			buildConfigurationList = 02D62F6B1D9C3D73001CDABC /* Build configuration list for PBXNativeTarget "KaboomBoy" */;
			buildPhases = (
				02D62F601D9C3D72001CDABC /* Sources */,
				02D62F611D9C3D72001CDABC /* Frameworks */,
				02D62F621D9C3D72001CDABC /* CopyFiles */,
			);
			buildRules = (
			);
			dependencies = (
			);
			name = KaboomBoy;
			productName = KaboomBoy;
			productReference = 02D62F641D9C3D73001CDABC /* KaboomBoy */;
			productType = "com.apple.product-type.tool";
		};
/* End PBXNativeTarget section */

/* Begin PBXProject section */
		02D62F5C1D9C3D72001CDABC /* Project object */ = {
			isa = PBXProject;
			attributes = {
				LastUpgradeCheck = 0800;
				ORGANIZATIONNAME = JeromeSchalkwijk;
				TargetAttributes = {
					02D62F631D9C3D72001CDABC = {
						CreatedOnToolsVersion = 8.0;
						ProvisioningStyle = Automatic;
					};
				};
			};
			buildConfigurationList = 02D62F5F1D9C3D72001CDABC /* Build configuration list for PBXProject "KaboomBoy" */;
			compatibilityVersion = "Xcode 3.2";
			developmentRegion = English;
			hasScannedForEncodings = 0;
			knownRegions = (
				en,
			);
			mainGroup = 02D62F5B1D9C3D72001CDABC;
			productRefGroup = 02D62F651D9C3D73001CDABC /* Products */;
			projectDirPath = "";
			projectRoot = "";
			targets = (
				02D62F631D9C3D72001CDABC /* KaboomBoy */,
			);
		};
/* End PBXProject section */

/* Begin PBXSourcesBuildPhase section */
		02D62F601D9C3D72001CDABC /* Sources */ = {
			isa = PBXSourcesBuildPhase;
			buildActionMask = 2147483647;
			files = (
				0229E9801D9CE95100D64FF2 /* WorldElement.cpp in Sources */,
				0229E97D1D9C3F8900D64FF2 /* World.cpp in Sources */,
				02D62F681D9C3D73001CDABC /* main.cpp in Sources */,
			);
			runOnlyForDeploymentPostprocessing = 0;
		};
/* End PBXSourcesBuildPhase section */

/* Begin XCBuildConfiguration section */
		02D62F691D9C3D73001CDABC /* Debug */ = {
			isa = XCBuildConfiguration;
			buildSettings = {
				ALWAYS_SEARCH_USER_PATHS = NO;
				CLANG_ANALYZER_NONNULL = YES;
				CLANG_CXX_LANGUAGE_STANDARD = "gnu++0x";
				CLANG_CXX_LIBRARY = "libc++";
				CLANG_ENABLE_MODULES = YES;
				CLANG_ENABLE_OBJC_ARC = YES;
				CLANG_WARN_BOOL_CONVERSION = YES;
				CLANG_WARN_CONSTANT_CONVERSION = YES;
				CLANG_WARN_DIRECT_OBJC_ISA_USAGE = YES_ERROR;
				CLANG_WARN_DOCUMENTATION_COMMENTS = YES;
				CLANG_WARN_EMPTY_BODY = YES;
				CLANG_WARN_ENUM_CONVERSION = YES;
				CLANG_WARN_INFINITE_RECURSION = YES;
				CLANG_WARN_INT_CONVERSION = YES;
				CLANG_WARN_OBJC_ROOT_CLASS = YES_ERROR;
				CLANG_WARN_SUSPICIOUS_MOVES = YES;
				CLANG_WARN_UNREACHABLE_CODE = YES;
				CLANG_WARN__DUPLICATE_METHOD_MATCH = YES;
				CODE_SIGN_IDENTITY = "-";
				COPY_PHASE_STRIP = NO;
				DEBUG_INFORMATION_FORMAT = dwarf;
				ENABLE_STRICT_OBJC_MSGSEND = YES;
				ENABLE_TESTABILITY = YES;
				GCC_C_LANGUAGE_STANDARD = gnu99;
				GCC_DYNAMIC_NO_PIC = NO;
				GCC_NO_COMMON_BLOCKS = YES;
				GCC_OPTIMIZATION_LEVEL = 0;
				GCC_PREPROCESSOR_DEFINITIONS = (
					"DEBUG=1",
					"$(inherited)",
				);
				GCC_WARN_64_TO_32_BIT_CONVERSION = YES;
				GCC_WARN_ABOUT_RETURN_TYPE = YES_ERROR;
				GCC_WARN_UNDECLARED_SELECTOR = YES;
				GCC_WARN_UNINITIALIZED_AUTOS = YES_AGGRESSIVE;
				GCC_WARN_UNUSED_FUNCTION = YES;
				GCC_WARN_UNUSED_VARIABLE = YES;
				MACOSX_DEPLOYMENT_TARGET = 10.11;
				MTL_ENABLE_DEBUG_INFO = YES;
				ONLY_ACTIVE_ARCH = YES;
				SDKROOT = macosx;
			};
			name = Debug;
		};
		02D62F6A1D9C3D73001CDABC /* Release */ = {
			isa = XCBuildConfiguration;
			buildSettings = {
				ALWAYS_SEARCH_USER_PATHS = NO;
				CLANG_ANALYZER_NONNULL = YES;
				CLANG_CXX_LANGUAGE_STANDARD = "gnu++0x";
				CLANG_CXX_LIBRARY = "libc++";
				CLANG_ENABLE_MODULES = YES;
				CLANG_ENABLE_OBJC_ARC = YES;
				CLANG_WARN_BOOL_CONVERSION = YES;
				CLANG_WARN_CONSTANT_CONVERSION = YES;
				CLANG_WARN_DIRECT_OBJC_ISA_USAGE = YES_ERROR;
				CLANG_WARN_DOCUMENTATION_COMMENTS = YES;
				CLANG_WARN_EMPTY_BODY = YES;
				CLANG_WARN_ENUM_CONVERSION = YES;
				CLANG_WARN_INFINITE_RECURSION = YES;
				CLANG_WARN_INT_CONVERSION = YES;
				CLANG_WARN_OBJC_ROOT_CLASS = YES_ERROR;
				CLANG_WARN_SUSPICIOUS_MOVES = YES;
				CLANG_WARN_UNREACHABLE_CODE = YES;
				CLANG_WARN__DUPLICATE_METHOD_MATCH = YES;
				CODE_SIGN_IDENTITY = "-";
				COPY_PHASE_STRIP = NO;
				DEBUG_INFORMATION_FORMAT = "dwarf-with-dsym";
				ENABLE_NS_ASSERTIONS = NO;
				ENABLE_STRICT_OBJC_MSGSEND = YES;
				GCC_C_LANGUAGE_STANDARD = gnu99;
				GCC_NO_COMMON_BLOCKS = YES;
				GCC_WARN_64_TO_32_BIT_CONVERSION = YES;
				GCC_WARN_ABOUT_RETURN_TYPE = YES_ERROR;
				GCC_WARN_UNDECLARED_SELECTOR = YES;
				GCC_WARN_UNINITIALIZED_AUTOS = YES_AGGRESSIVE;
				GCC_WARN_UNUSED_FUNCTION = YES;
				GCC_WARN_UNUSED_VARIABLE = YES;
				MACOSX_DEPLOYMENT_TARGET = 10.11;
				MTL_ENABLE_DEBUG_INFO = NO;
				SDKROOT = macosx;
			};
			name = Release;
		};
		02D62F6C1D9C3D73001CDABC /* Debug */ = {
			isa = XCBuildConfiguration;
			buildSettings = {
				PRODUCT_NAME = "$(TARGET_NAME)";
			};
			name = Debug;
		};
		02D62F6D1D9C3D73001CDABC /* Release */ = {
			isa = XCBuildConfiguration;
			buildSettings = {
				PRODUCT_NAME = "$(TARGET_NAME)";
			};
			name = Release;
		};
/* End XCBuildConfiguration section */

/* Begin XCConfigurationList section */
		02D62F5F1D9C3D72001CDABC /* Build configuration list for PBXProject "KaboomBoy" */ = {
			isa = XCConfigurationList;
			buildConfigurations = (
				02D62F691D9C3D73001CDABC /* Debug */,
				02D62F6A1D9C3D73001CDABC /* Release */,
			);
			defaultConfigurationIsVisible = 0;
			defaultConfigurationName = Release;
		};
		02D62F6B1D9C3D73001CDABC /* Build configuration list for PBXNativeTarget "KaboomBoy" */ = {
			isa = XCConfigurationList;
			buildConfigurations = (
				02D62F6C1D9C3D73001CDABC /* Debug */,
				02D62F6D1D9C3D73001CDABC /* Release */,
			);
			defaultConfigurationIsVisible = 0;
			defaultConfigurationName = Release;
		};
/* End XCConfigurationList section */
	};
	rootObject = 02D62F5C1D9C3D72001CDABC /* Project object */;
}
